(setq el-get-lock-package-versions
      '((magit :checksum "ab9c189f619dd511724b8f3eaeaa2b9a606e2179")
        (dash :checksum "524e6fe86ba240d4405d3de1c862921fb8085c8d")
        (with-editor :checksum "3385ffdc6faed5a283e26a7ebf89825c700dd395")
        (howm :checksum "0648a6404acdcd8f18983c2ff8f182c777100060")
        (flim :checksum "3510d32e5820b2c22b4e9c9f29177beea42c5bfb")
        (apel :checksum "339eb28ffae3165255a79de9b1fd362f43cd37c3")
        (markdown-mode :checksum "d2122e1b906eab5bf46abc66de41d0f74b4bd35c")
        (helm :checksum "758cebe2db108e163fb85802a95310ed6dea3deb")
        (emacs-async :checksum "09a177c15bd3aafc57ba6a63ab093f640ffa2610")
        (auto-complete :checksum "2e83566ddfa758c69afe50b8a1c62a66f47471e3")
        (popup :checksum "80829dd46381754639fb764da11c67235fe63282")
        (fuzzy :checksum "534d723ad2e06322ff8d9bd0ba4863d243f698e7")))
(setq el-get-lock-locked-packages 'nil)
(setq el-get-lock-unlocked-packages 'nil)
